
Microsoft Visual Studio Solution File, Format Version 12.00
# Visual Studio 15
VisualStudioVersion = 15.0.28307.421
MinimumVisualStudioVersion = 10.0.40219.1
Project("{F184B08F-C81C-45F6-A57F-5ABD9991F28F}") = "ServiceApp.Service", "ServiceApp.Service\ServiceApp.Service.vbproj", "{D3AA63A1-564C-4B1D-895C-C8C709231AEE}"
EndProject
Project("{2150E333-8FDC-42A3-9474-1A3956D46DE8}") = "ServiceApp.Management", "ServiceApp.Management", "{AF854B8D-2373-4540-8816-199A15A62D0B}"
EndProject
Project("{2150E333-8FDC-42A3-9474-1A3956D46DE8}") = "ServiceApp.SoketManagement", "ServiceApp.SoketManagement", "{0A31F38A-B15A-4DC2-8669-E1F3A022FF7B}"
EndProject
Project("{F184B08F-C81C-45F6-A57F-5ABD9991F28F}") = "ServiceApp.WinSocket", "ServiceApp.WinSocket\ServiceApp.WinSocket.vbproj", "{97D4F466-E5E7-467E-9558-73D115D6ACAA}"
EndProject
Project("{2150E333-8FDC-42A3-9474-1A3956D46DE8}") = "SericeApp.Testing", "SericeApp.Testing", "{04AE7F52-0FE0-4B0F-A76B-AE4663EAE3FA}"
EndProject
Project("{F184B08F-C81C-45F6-A57F-5ABD9991F28F}") = "ServiceApp.TestServer", "TestServer\ServiceApp.TestServer.vbproj", "{906FF5E4-8E17-435C-B816-DB86B4E47C65}"
EndProject
Project("{2150E333-8FDC-42A3-9474-1A3956D46DE8}") = "ServiceApp.EventosLog", "ServiceApp.EventosLog", "{71F416EC-FA51-47F9-9289-B9052C480DEC}"
EndProject
Project("{F184B08F-C81C-45F6-A57F-5ABD9991F28F}") = "ServiceApp.Logueos", "Logueos\ServiceApp.Logueos.vbproj", "{09A40060-5ACD-4BA5-94F5-96C611831521}"
EndProject
Project("{2150E333-8FDC-42A3-9474-1A3956D46DE8}") = "ServiceApp.APIS", "ServiceApp.APIS", "{AC85F4C5-BD14-4861-AC79-7BB17CCE1096}"
EndProject
Project("{F184B08F-C81C-45F6-A57F-5ABD9991F28F}") = "ServiceApp.ZKTeco", "ZKTeco\ServiceApp.ZKTeco.vbproj", "{84C88360-AEAE-4FCF-9969-72E8C98A3192}"
EndProject
Project("{F184B08F-C81C-45F6-A57F-5ABD9991F28F}") = "ServiceApp.BIOIPRT", "BIOIPRT\ServiceApp.BIOIPRT.vbproj", "{D76F635B-3F0A-4699-B29D-9EDDCEDE5DEE}"
EndProject
Project("{2150E333-8FDC-42A3-9474-1A3956D46DE8}") = "ServiceApp.Definiciones", "ServiceApp.Definiciones", "{E22D60AC-97E1-4B16-B8E0-45DCFEB9E266}"
EndProject
Project("{F184B08F-C81C-45F6-A57F-5ABD9991F28F}") = "ServiceApp.Definiciones", "ServiceApp.Definiciones\ServiceApp.Definiciones.vbproj", "{672F1466-D114-4939-AD15-2CC9720FD7A7}"
EndProject
Project("{F184B08F-C81C-45F6-A57F-5ABD9991F28F}") = "ServiceApp.Interface", "ServiceApp.Interface\ServiceApp.Interface.vbproj", "{E4598C31-AC9A-481F-BF93-B20DE14F1DD1}"
EndProject
Project("{F184B08F-C81C-45F6-A57F-5ABD9991F28F}") = "ServiceApp.Dummy", "ServiceApp.Dummy\ServiceApp.Dummy.vbproj", "{CBB7E49F-6A35-4CAD-B455-947EDB7A7D0E}"
EndProject
Project("{F184B08F-C81C-45F6-A57F-5ABD9991F28F}") = "ServiceApp.TestDummy", "ServiceApp.TestDummy\ServiceApp.TestDummy.vbproj", "{8DF2B541-4A71-4F75-9E39-8C0CDD8F3DC5}"
EndProject
Project("{2150E333-8FDC-42A3-9474-1A3956D46DE8}") = "ServiceApp.Configurador", "ServiceApp.Configurador", "{59D4618B-102A-4EE3-B847-0D797ACDC268}"
EndProject
Project("{F184B08F-C81C-45F6-A57F-5ABD9991F28F}") = "ServiceApp.Configuracion", "ServiceApp.Configuracion\ServiceApp.Configuracion.vbproj", "{F3F3B415-9DBB-4638-9DF4-AFD0DE053526}"
EndProject
Project("{F184B08F-C81C-45F6-A57F-5ABD9991F28F}") = "ServiceApp.Configuracion.Entidades", "ServiceApp.Configuracion.Entidades\ServiceApp.Configuracion.Entidades.vbproj", "{5516DA28-0AA5-4529-ABE0-ABE03FBE2303}"
EndProject
Project("{F184B08F-C81C-45F6-A57F-5ABD9991F28F}") = "ServiceApp.Configuracion.EntidadesDAL", "ServiceApp.Configuracion.EntidadesDAL\ServiceApp.Configuracion.EntidadesDAL.vbproj", "{BA330932-BEF9-4E0C-9C8C-CD9B165A7248}"
EndProject
Project("{F184B08F-C81C-45F6-A57F-5ABD9991F28F}") = "ServiceApp.Configuracion.EntidadesMDL", "ServiceApp.Configuracion.EntidadesMDL\ServiceApp.Configuracion.EntidadesMDL.vbproj", "{F5DAE9AF-D984-497F-98A5-FFDB91FAF284}"
EndProject
Project("{F184B08F-C81C-45F6-A57F-5ABD9991F28F}") = "ServiceApp.Interop", "ServiceApp.Interop\ServiceApp.Interop.vbproj", "{F540600E-0669-43AE-B040-B5849B6AA1C5}"
EndProject
Project("{2150E333-8FDC-42A3-9474-1A3956D46DE8}") = "SeriveApp.Instalador", "SeriveApp.Instalador", "{2D2D1A54-2DBD-445D-835B-E5095FC6629E}"
EndProject
Project("{54435603-DBB4-11D2-8724-00A0C9A8B90C}") = "SeriveApp.Instalador", "Instalador\Instalador.vdproj", "{7CD43E91-9E46-4C9F-807E-20D7B5845DE8}"
EndProject
Global
	GlobalSection(SolutionConfigurationPlatforms) = preSolution
		Debug|Any CPU = Debug|Any CPU
		Release|Any CPU = Release|Any CPU
	EndGlobalSection
	GlobalSection(ProjectConfigurationPlatforms) = postSolution
		{D3AA63A1-564C-4B1D-895C-C8C709231AEE}.Debug|Any CPU.ActiveCfg = Debug|Any CPU
		{D3AA63A1-564C-4B1D-895C-C8C709231AEE}.Debug|Any CPU.Build.0 = Debug|Any CPU
		{D3AA63A1-564C-4B1D-895C-C8C709231AEE}.Release|Any CPU.ActiveCfg = Release|Any CPU
		{D3AA63A1-564C-4B1D-895C-C8C709231AEE}.Release|Any CPU.Build.0 = Release|Any CPU
		{97D4F466-E5E7-467E-9558-73D115D6ACAA}.Debug|Any CPU.ActiveCfg = Debug|Any CPU
		{97D4F466-E5E7-467E-9558-73D115D6ACAA}.Debug|Any CPU.Build.0 = Debug|Any CPU
		{97D4F466-E5E7-467E-9558-73D115D6ACAA}.Release|Any CPU.ActiveCfg = Release|Any CPU
		{97D4F466-E5E7-467E-9558-73D115D6ACAA}.Release|Any CPU.Build.0 = Release|Any CPU
		{906FF5E4-8E17-435C-B816-DB86B4E47C65}.Debug|Any CPU.ActiveCfg = Debug|Any CPU
		{906FF5E4-8E17-435C-B816-DB86B4E47C65}.Debug|Any CPU.Build.0 = Debug|Any CPU
		{906FF5E4-8E17-435C-B816-DB86B4E47C65}.Release|Any CPU.ActiveCfg = Release|Any CPU
		{906FF5E4-8E17-435C-B816-DB86B4E47C65}.Release|Any CPU.Build.0 = Release|Any CPU
		{09A40060-5ACD-4BA5-94F5-96C611831521}.Debug|Any CPU.ActiveCfg = Debug|Any CPU
		{09A40060-5ACD-4BA5-94F5-96C611831521}.Debug|Any CPU.Build.0 = Debug|Any CPU
		{09A40060-5ACD-4BA5-94F5-96C611831521}.Release|Any CPU.ActiveCfg = Release|Any CPU
		{09A40060-5ACD-4BA5-94F5-96C611831521}.Release|Any CPU.Build.0 = Release|Any CPU
		{84C88360-AEAE-4FCF-9969-72E8C98A3192}.Debug|Any CPU.ActiveCfg = Debug|Any CPU
		{84C88360-AEAE-4FCF-9969-72E8C98A3192}.Debug|Any CPU.Build.0 = Debug|Any CPU
		{84C88360-AEAE-4FCF-9969-72E8C98A3192}.Release|Any CPU.ActiveCfg = Release|Any CPU
		{84C88360-AEAE-4FCF-9969-72E8C98A3192}.Release|Any CPU.Build.0 = Release|Any CPU
		{D76F635B-3F0A-4699-B29D-9EDDCEDE5DEE}.Debug|Any CPU.ActiveCfg = Debug|Any CPU
		{D76F635B-3F0A-4699-B29D-9EDDCEDE5DEE}.Debug|Any CPU.Build.0 = Debug|Any CPU
		{D76F635B-3F0A-4699-B29D-9EDDCEDE5DEE}.Release|Any CPU.ActiveCfg = Release|Any CPU
		{D76F635B-3F0A-4699-B29D-9EDDCEDE5DEE}.Release|Any CPU.Build.0 = Release|Any CPU
		{672F1466-D114-4939-AD15-2CC9720FD7A7}.Debug|Any CPU.ActiveCfg = Debug|Any CPU
		{672F1466-D114-4939-AD15-2CC9720FD7A7}.Debug|Any CPU.Build.0 = Debug|Any CPU
		{672F1466-D114-4939-AD15-2CC9720FD7A7}.Release|Any CPU.ActiveCfg = Release|Any CPU
		{672F1466-D114-4939-AD15-2CC9720FD7A7}.Release|Any CPU.Build.0 = Release|Any CPU
		{E4598C31-AC9A-481F-BF93-B20DE14F1DD1}.Debug|Any CPU.ActiveCfg = Debug|Any CPU
		{E4598C31-AC9A-481F-BF93-B20DE14F1DD1}.Debug|Any CPU.Build.0 = Debug|Any CPU
		{E4598C31-AC9A-481F-BF93-B20DE14F1DD1}.Release|Any CPU.ActiveCfg = Release|Any CPU
		{E4598C31-AC9A-481F-BF93-B20DE14F1DD1}.Release|Any CPU.Build.0 = Release|Any CPU
		{CBB7E49F-6A35-4CAD-B455-947EDB7A7D0E}.Debug|Any CPU.ActiveCfg = Debug|Any CPU
		{CBB7E49F-6A35-4CAD-B455-947EDB7A7D0E}.Debug|Any CPU.Build.0 = Debug|Any CPU
		{CBB7E49F-6A35-4CAD-B455-947EDB7A7D0E}.Release|Any CPU.ActiveCfg = Release|Any CPU
		{CBB7E49F-6A35-4CAD-B455-947EDB7A7D0E}.Release|Any CPU.Build.0 = Release|Any CPU
		{8DF2B541-4A71-4F75-9E39-8C0CDD8F3DC5}.Debug|Any CPU.ActiveCfg = Debug|Any CPU
		{8DF2B541-4A71-4F75-9E39-8C0CDD8F3DC5}.Debug|Any CPU.Build.0 = Debug|Any CPU
		{8DF2B541-4A71-4F75-9E39-8C0CDD8F3DC5}.Release|Any CPU.ActiveCfg = Release|Any CPU
		{8DF2B541-4A71-4F75-9E39-8C0CDD8F3DC5}.Release|Any CPU.Build.0 = Release|Any CPU
		{F3F3B415-9DBB-4638-9DF4-AFD0DE053526}.Debug|Any CPU.ActiveCfg = Debug|Any CPU
		{F3F3B415-9DBB-4638-9DF4-AFD0DE053526}.Debug|Any CPU.Build.0 = Debug|Any CPU
		{F3F3B415-9DBB-4638-9DF4-AFD0DE053526}.Release|Any CPU.ActiveCfg = Release|Any CPU
		{F3F3B415-9DBB-4638-9DF4-AFD0DE053526}.Release|Any CPU.Build.0 = Release|Any CPU
		{5516DA28-0AA5-4529-ABE0-ABE03FBE2303}.Debug|Any CPU.ActiveCfg = Debug|Any CPU
		{5516DA28-0AA5-4529-ABE0-ABE03FBE2303}.Debug|Any CPU.Build.0 = Debug|Any CPU
		{5516DA28-0AA5-4529-ABE0-ABE03FBE2303}.Release|Any CPU.ActiveCfg = Release|Any CPU
		{5516DA28-0AA5-4529-ABE0-ABE03FBE2303}.Release|Any CPU.Build.0 = Release|Any CPU
		{BA330932-BEF9-4E0C-9C8C-CD9B165A7248}.Debug|Any CPU.ActiveCfg = Debug|Any CPU
		{BA330932-BEF9-4E0C-9C8C-CD9B165A7248}.Debug|Any CPU.Build.0 = Debug|Any CPU
		{BA330932-BEF9-4E0C-9C8C-CD9B165A7248}.Release|Any CPU.ActiveCfg = Release|Any CPU
		{BA330932-BEF9-4E0C-9C8C-CD9B165A7248}.Release|Any CPU.Build.0 = Release|Any CPU
		{F5DAE9AF-D984-497F-98A5-FFDB91FAF284}.Debug|Any CPU.ActiveCfg = Debug|Any CPU
		{F5DAE9AF-D984-497F-98A5-FFDB91FAF284}.Debug|Any CPU.Build.0 = Debug|Any CPU
		{F5DAE9AF-D984-497F-98A5-FFDB91FAF284}.Release|Any CPU.ActiveCfg = Release|Any CPU
		{F5DAE9AF-D984-497F-98A5-FFDB91FAF284}.Release|Any CPU.Build.0 = Release|Any CPU
		{F540600E-0669-43AE-B040-B5849B6AA1C5}.Debug|Any CPU.ActiveCfg = Debug|Any CPU
		{F540600E-0669-43AE-B040-B5849B6AA1C5}.Debug|Any CPU.Build.0 = Debug|Any CPU
		{F540600E-0669-43AE-B040-B5849B6AA1C5}.Release|Any CPU.ActiveCfg = Release|Any CPU
		{F540600E-0669-43AE-B040-B5849B6AA1C5}.Release|Any CPU.Build.0 = Release|Any CPU
		{7CD43E91-9E46-4C9F-807E-20D7B5845DE8}.Debug|Any CPU.ActiveCfg = Debug
		{7CD43E91-9E46-4C9F-807E-20D7B5845DE8}.Debug|Any CPU.Build.0 = Debug
		{7CD43E91-9E46-4C9F-807E-20D7B5845DE8}.Release|Any CPU.ActiveCfg = Release
	EndGlobalSection
	GlobalSection(SolutionProperties) = preSolution
		HideSolutionNode = FALSE
	EndGlobalSection
	GlobalSection(NestedProjects) = preSolution
		{D3AA63A1-564C-4B1D-895C-C8C709231AEE} = {AF854B8D-2373-4540-8816-199A15A62D0B}
		{97D4F466-E5E7-467E-9558-73D115D6ACAA} = {0A31F38A-B15A-4DC2-8669-E1F3A022FF7B}
		{906FF5E4-8E17-435C-B816-DB86B4E47C65} = {04AE7F52-0FE0-4B0F-A76B-AE4663EAE3FA}
		{09A40060-5ACD-4BA5-94F5-96C611831521} = {71F416EC-FA51-47F9-9289-B9052C480DEC}
		{84C88360-AEAE-4FCF-9969-72E8C98A3192} = {AC85F4C5-BD14-4861-AC79-7BB17CCE1096}
		{D76F635B-3F0A-4699-B29D-9EDDCEDE5DEE} = {AC85F4C5-BD14-4861-AC79-7BB17CCE1096}
		{672F1466-D114-4939-AD15-2CC9720FD7A7} = {E22D60AC-97E1-4B16-B8E0-45DCFEB9E266}
		{E4598C31-AC9A-481F-BF93-B20DE14F1DD1} = {AC85F4C5-BD14-4861-AC79-7BB17CCE1096}
		{CBB7E49F-6A35-4CAD-B455-947EDB7A7D0E} = {AC85F4C5-BD14-4861-AC79-7BB17CCE1096}
		{8DF2B541-4A71-4F75-9E39-8C0CDD8F3DC5} = {04AE7F52-0FE0-4B0F-A76B-AE4663EAE3FA}
		{F3F3B415-9DBB-4638-9DF4-AFD0DE053526} = {59D4618B-102A-4EE3-B847-0D797ACDC268}
		{5516DA28-0AA5-4529-ABE0-ABE03FBE2303} = {59D4618B-102A-4EE3-B847-0D797ACDC268}
		{BA330932-BEF9-4E0C-9C8C-CD9B165A7248} = {59D4618B-102A-4EE3-B847-0D797ACDC268}
		{F5DAE9AF-D984-497F-98A5-FFDB91FAF284} = {59D4618B-102A-4EE3-B847-0D797ACDC268}
		{F540600E-0669-43AE-B040-B5849B6AA1C5} = {AC85F4C5-BD14-4861-AC79-7BB17CCE1096}
		{7CD43E91-9E46-4C9F-807E-20D7B5845DE8} = {2D2D1A54-2DBD-445D-835B-E5095FC6629E}
	EndGlobalSection
	GlobalSection(ExtensibilityGlobals) = postSolution
		SolutionGuid = {C4F736B6-B36E-401C-AE8B-43E53CFCF8C5}
	EndGlobalSection
EndGlobal
